
Microsoft Visual Studio Solution File, Format Version 12.00
# Visual Studio 15
VisualStudioVersion = 15.0.26730.12
MinimumVisualStudioVersion = 10.0.40219.1
Project("{FAE04EC0-301F-11D3-BF4B-00C04F79EFBC}") = "Singleton", "Anisble_DesignPatterns\Singleton.csproj", "{6F218D3A-47DF-4C60-96B1-C37ADEB36ED1}"
EndProject
Project("{FAE04EC0-301F-11D3-BF4B-00C04F79EFBC}") = "Car", "Car\Car.csproj", "{41C2F068-8B0B-46B0-A33F-0F10FDF0AFBF}"
EndProject
Global
	GlobalSection(SolutionConfigurationPlatforms) = preSolution
		Debug|Any CPU = Debug|Any CPU
		Release|Any CPU = Release|Any CPU
	EndGlobalSection
	GlobalSection(ProjectConfigurationPlatforms) = postSolution
		{6F218D3A-47DF-4C60-96B1-C37ADEB36ED1}.Debug|Any CPU.ActiveCfg = Debug|Any CPU
		{6F218D3A-47DF-4C60-96B1-C37ADEB36ED1}.Debug|Any CPU.Build.0 = Debug|Any CPU
		{6F218D3A-47DF-4C60-96B1-C37ADEB36ED1}.Release|Any CPU.ActiveCfg = Release|Any CPU
		{6F218D3A-47DF-4C60-96B1-C37ADEB36ED1}.Release|Any CPU.Build.0 = Release|Any CPU
		{41C2F068-8B0B-46B0-A33F-0F10FDF0AFBF}.Debug|Any CPU.ActiveCfg = Debug|Any CPU
		{41C2F068-8B0B-46B0-A33F-0F10FDF0AFBF}.Debug|Any CPU.Build.0 = Debug|Any CPU
		{41C2F068-8B0B-46B0-A33F-0F10FDF0AFBF}.Release|Any CPU.ActiveCfg = Release|Any CPU
		{41C2F068-8B0B-46B0-A33F-0F10FDF0AFBF}.Release|Any CPU.Build.0 = Release|Any CPU
	EndGlobalSection
	GlobalSection(SolutionProperties) = preSolution
		HideSolutionNode = FALSE
	EndGlobalSection
	GlobalSection(ExtensibilityGlobals) = postSolution
		SolutionGuid = {6F4AA809-8DD4-487C-AF46-FA7F08E35DC1}
	EndGlobalSection
EndGlobal
